// !$*UTF8*$!
{
	archiveVersion = 1;
	classes = {
	};
	objectVersion = 46;
	objects = {

/* Begin PBXBuildFile section */
		4FD70B771E4CB06200E9E112 /* main.m in Sources */ = {isa = PBXBuildFile; fileRef = 4FD70B761E4CB06200E9E112 /* main.m */; };
		4FD70B7A1E4CB06200E9E112 /* AppDelegate.m in Sources */ = {isa = PBXBuildFile; fileRef = 4FD70B791E4CB06200E9E112 /* AppDelegate.m */; };
		4FD70B7D1E4CB06200E9E112 /* ViewController.m in Sources */ = {isa = PBXBuildFile; fileRef = 4FD70B7C1E4CB06200E9E112 /* ViewController.m */; };
		4FD70B801E4CB06200E9E112 /* Main.storyboard in Resources */ = {isa = PBXBuildFile; fileRef = 4FD70B7E1E4CB06200E9E112 /* Main.storyboard */; };
		4FD70B821E4CB06200E9E112 /* Assets.xcassets in Resources */ = {isa = PBXBuildFile; fileRef = 4FD70B811E4CB06200E9E112 /* Assets.xcassets */; };
		4FD70B851E4CB06200E9E112 /* LaunchScreen.storyboard in Resources */ = {isa = PBXBuildFile; fileRef = 4FD70B831E4CB06200E9E112 /* LaunchScreen.storyboard */; };
		4FD70B8F1E4CB0B900E9E112 /* SQOptionView.m in Sources */ = {isa = PBXBuildFile; fileRef = 4FD70B8E1E4CB0B900E9E112 /* SQOptionView.m */; };
		4FD70BAC1E4CB3DE00E9E112 /* MASCompositeConstraint.m in Sources */ = {isa = PBXBuildFile; fileRef = 4FD70B931E4CB3DE00E9E112 /* MASCompositeConstraint.m */; };
		4FD70BAD1E4CB3DE00E9E112 /* MASConstraint.m in Sources */ = {isa = PBXBuildFile; fileRef = 4FD70B961E4CB3DE00E9E112 /* MASConstraint.m */; };
		4FD70BAE1E4CB3DE00E9E112 /* MASConstraintMaker.m in Sources */ = {isa = PBXBuildFile; fileRef = 4FD70B981E4CB3DE00E9E112 /* MASConstraintMaker.m */; };
		4FD70BAF1E4CB3DE00E9E112 /* MASLayoutConstraint.m in Sources */ = {isa = PBXBuildFile; fileRef = 4FD70B9A1E4CB3DE00E9E112 /* MASLayoutConstraint.m */; };
		4FD70BB01E4CB3DE00E9E112 /* MASViewAttribute.m in Sources */ = {isa = PBXBuildFile; fileRef = 4FD70B9E1E4CB3DE00E9E112 /* MASViewAttribute.m */; };
		4FD70BB11E4CB3DE00E9E112 /* MASViewConstraint.m in Sources */ = {isa = PBXBuildFile; fileRef = 4FD70BA01E4CB3DE00E9E112 /* MASViewConstraint.m */; };
		4FD70BB21E4CB3DE00E9E112 /* NSArray+MASAdditions.m in Sources */ = {isa = PBXBuildFile; fileRef = 4FD70BA21E4CB3DE00E9E112 /* NSArray+MASAdditions.m */; };
		4FD70BB31E4CB3DE00E9E112 /* NSLayoutConstraint+MASDebugAdditions.m in Sources */ = {isa = PBXBuildFile; fileRef = 4FD70BA51E4CB3DE00E9E112 /* NSLayoutConstraint+MASDebugAdditions.m */; };
		4FD70BB41E4CB3DE00E9E112 /* View+MASAdditions.m in Sources */ = {isa = PBXBuildFile; fileRef = 4FD70BA71E4CB3DE00E9E112 /* View+MASAdditions.m */; };
		4FD70BB51E4CB3DE00E9E112 /* ViewController+MASAdditions.m in Sources */ = {isa = PBXBuildFile; fileRef = 4FD70BAA1E4CB3DE00E9E112 /* ViewController+MASAdditions.m */; };
		4FD70BB81E4CB5A200E9E112 /* SQLoginTextFieldView.m in Sources */ = {isa = PBXBuildFile; fileRef = 4FD70BB71E4CB5A200E9E112 /* SQLoginTextFieldView.m */; };
		4FD70BBB1E4CB63100E9E112 /* SQLoginBoxView.m in Sources */ = {isa = PBXBuildFile; fileRef = 4FD70BBA1E4CB63100E9E112 /* SQLoginBoxView.m */; };
		4FD70BBF1E4CB7C900E9E112 /* SQLoginView.m in Sources */ = {isa = PBXBuildFile; fileRef = 4FD70BBE1E4CB7C900E9E112 /* SQLoginView.m */; };
		4FD70BC21E4CB8FE00E9E112 /* SQLoginBoard.m in Sources */ = {isa = PBXBuildFile; fileRef = 4FD70BC11E4CB8FE00E9E112 /* SQLoginBoard.m */; };
/* End PBXBuildFile section */

/* Begin PBXFileReference section */
		4FD70B721E4CB06200E9E112 /* SQAirbnbLogin.app */ = {isa = PBXFileReference; explicitFileType = wrapper.application; includeInIndex = 0; path = SQAirbnbLogin.app; sourceTree = BUILT_PRODUCTS_DIR; };
		4FD70B761E4CB06200E9E112 /* main.m */ = {isa = PBXFileReference; lastKnownFileType = sourcecode.c.objc; path = main.m; sourceTree = "<group>"; };
		4FD70B781E4CB06200E9E112 /* AppDelegate.h */ = {isa = PBXFileReference; lastKnownFileType = sourcecode.c.h; path = AppDelegate.h; sourceTree = "<group>"; };
		4FD70B791E4CB06200E9E112 /* AppDelegate.m */ = {isa = PBXFileReference; lastKnownFileType = sourcecode.c.objc; path = AppDelegate.m; sourceTree = "<group>"; };
		4FD70B7B1E4CB06200E9E112 /* ViewController.h */ = {isa = PBXFileReference; lastKnownFileType = sourcecode.c.h; path = ViewController.h; sourceTree = "<group>"; };
		4FD70B7C1E4CB06200E9E112 /* ViewController.m */ = {isa = PBXFileReference; lastKnownFileType = sourcecode.c.objc; path = ViewController.m; sourceTree = "<group>"; };
		4FD70B7F1E4CB06200E9E112 /* Base */ = {isa = PBXFileReference; lastKnownFileType = file.storyboard; name = Base; path = Base.lproj/Main.storyboard; sourceTree = "<group>"; };
		4FD70B811E4CB06200E9E112 /* Assets.xcassets */ = {isa = PBXFileReference; lastKnownFileType = folder.assetcatalog; path = Assets.xcassets; sourceTree = "<group>"; };
		4FD70B841E4CB06200E9E112 /* Base */ = {isa = PBXFileReference; lastKnownFileType = file.storyboard; name = Base; path = Base.lproj/LaunchScreen.storyboard; sourceTree = "<group>"; };
		4FD70B861E4CB06200E9E112 /* Info.plist */ = {isa = PBXFileReference; lastKnownFileType = text.plist.xml; path = Info.plist; sourceTree = "<group>"; };
		4FD70B8D1E4CB0B900E9E112 /* SQOptionView.h */ = {isa = PBXFileReference; fileEncoding = 4; lastKnownFileType = sourcecode.c.h; path = SQOptionView.h; sourceTree = "<group>"; };
		4FD70B8E1E4CB0B900E9E112 /* SQOptionView.m */ = {isa = PBXFileReference; fileEncoding = 4; lastKnownFileType = sourcecode.c.objc; path = SQOptionView.m; sourceTree = "<group>"; };
		4FD70B921E4CB3DE00E9E112 /* MASCompositeConstraint.h */ = {isa = PBXFileReference; fileEncoding = 4; lastKnownFileType = sourcecode.c.h; path = MASCompositeConstraint.h; sourceTree = "<group>"; };
		4FD70B931E4CB3DE00E9E112 /* MASCompositeConstraint.m */ = {isa = PBXFileReference; fileEncoding = 4; lastKnownFileType = sourcecode.c.objc; path = MASCompositeConstraint.m; sourceTree = "<group>"; };
		4FD70B941E4CB3DE00E9E112 /* MASConstraint+Private.h */ = {isa = PBXFileReference; fileEncoding = 4; lastKnownFileType = sourcecode.c.h; path = "MASConstraint+Private.h"; sourceTree = "<group>"; };
		4FD70B951E4CB3DE00E9E112 /* MASConstraint.h */ = {isa = PBXFileReference; fileEncoding = 4; lastKnownFileType = sourcecode.c.h; path = MASConstraint.h; sourceTree = "<group>"; };
		4FD70B961E4CB3DE00E9E112 /* MASConstraint.m */ = {isa = PBXFileReference; fileEncoding = 4; lastKnownFileType = sourcecode.c.objc; path = MASConstraint.m; sourceTree = "<group>"; };
		4FD70B971E4CB3DE00E9E112 /* MASConstraintMaker.h */ = {isa = PBXFileReference; fileEncoding = 4; lastKnownFileType = sourcecode.c.h; path = MASConstraintMaker.h; sourceTree = "<group>"; };
		4FD70B981E4CB3DE00E9E112 /* MASConstraintMaker.m */ = {isa = PBXFileReference; fileEncoding = 4; lastKnownFileType = sourcecode.c.objc; path = MASConstraintMaker.m; sourceTree = "<group>"; };
		4FD70B991E4CB3DE00E9E112 /* MASLayoutConstraint.h */ = {isa = PBXFileReference; fileEncoding = 4; lastKnownFileType = sourcecode.c.h; path = MASLayoutConstraint.h; sourceTree = "<group>"; };
		4FD70B9A1E4CB3DE00E9E112 /* MASLayoutConstraint.m */ = {isa = PBXFileReference; fileEncoding = 4; lastKnownFileType = sourcecode.c.objc; path = MASLayoutConstraint.m; sourceTree = "<group>"; };
		4FD70B9B1E4CB3DE00E9E112 /* Masonry.h */ = {isa = PBXFileReference; fileEncoding = 4; lastKnownFileType = sourcecode.c.h; path = Masonry.h; sourceTree = "<group>"; };
		4FD70B9C1E4CB3DE00E9E112 /* MASUtilities.h */ = {isa = PBXFileReference; fileEncoding = 4; lastKnownFileType = sourcecode.c.h; path = MASUtilities.h; sourceTree = "<group>"; };
		4FD70B9D1E4CB3DE00E9E112 /* MASViewAttribute.h */ = {isa = PBXFileReference; fileEncoding = 4; lastKnownFileType = sourcecode.c.h; path = MASViewAttribute.h; sourceTree = "<group>"; };
		4FD70B9E1E4CB3DE00E9E112 /* MASViewAttribute.m */ = {isa = PBXFileReference; fileEncoding = 4; lastKnownFileType = sourcecode.c.objc; path = MASViewAttribute.m; sourceTree = "<group>"; };
		4FD70B9F1E4CB3DE00E9E112 /* MASViewConstraint.h */ = {isa = PBXFileReference; fileEncoding = 4; lastKnownFileType = sourcecode.c.h; path = MASViewConstraint.h; sourceTree = "<group>"; };
		4FD70BA01E4CB3DE00E9E112 /* MASViewConstraint.m */ = {isa = PBXFileReference; fileEncoding = 4; lastKnownFileType = sourcecode.c.objc; path = MASViewConstraint.m; sourceTree = "<group>"; };
		4FD70BA11E4CB3DE00E9E112 /* NSArray+MASAdditions.h */ = {isa = PBXFileReference; fileEncoding = 4; lastKnownFileType = sourcecode.c.h; path = "NSArray+MASAdditions.h"; sourceTree = "<group>"; };
		4FD70BA21E4CB3DE00E9E112 /* NSArray+MASAdditions.m */ = {isa = PBXFileReference; fileEncoding = 4; lastKnownFileType = sourcecode.c.objc; path = "NSArray+MASAdditions.m"; sourceTree = "<group>"; };
		4FD70BA31E4CB3DE00E9E112 /* NSArray+MASShorthandAdditions.h */ = {isa = PBXFileReference; fileEncoding = 4; lastKnownFileType = sourcecode.c.h; path = "NSArray+MASShorthandAdditions.h"; sourceTree = "<group>"; };
		4FD70BA41E4CB3DE00E9E112 /* NSLayoutConstraint+MASDebugAdditions.h */ = {isa = PBXFileReference; fileEncoding = 4; lastKnownFileType = sourcecode.c.h; path = "NSLayoutConstraint+MASDebugAdditions.h"; sourceTree = "<group>"; };
		4FD70BA51E4CB3DE00E9E112 /* NSLayoutConstraint+MASDebugAdditions.m */ = {isa = PBXFileReference; fileEncoding = 4; lastKnownFileType = sourcecode.c.objc; path = "NSLayoutConstraint+MASDebugAdditions.m"; sourceTree = "<group>"; };
		4FD70BA61E4CB3DE00E9E112 /* View+MASAdditions.h */ = {isa = PBXFileReference; fileEncoding = 4; lastKnownFileType = sourcecode.c.h; path = "View+MASAdditions.h"; sourceTree = "<group>"; };
		4FD70BA71E4CB3DE00E9E112 /* View+MASAdditions.m */ = {isa = PBXFileReference; fileEncoding = 4; lastKnownFileType = sourcecode.c.objc; path = "View+MASAdditions.m"; sourceTree = "<group>"; };
		4FD70BA81E4CB3DE00E9E112 /* View+MASShorthandAdditions.h */ = {isa = PBXFileReference; fileEncoding = 4; lastKnownFileType = sourcecode.c.h; path = "View+MASShorthandAdditions.h"; sourceTree = "<group>"; };
		4FD70BA91E4CB3DE00E9E112 /* ViewController+MASAdditions.h */ = {isa = PBXFileReference; fileEncoding = 4; lastKnownFileType = sourcecode.c.h; path = "ViewController+MASAdditions.h"; sourceTree = "<group>"; };
		4FD70BAA1E4CB3DE00E9E112 /* ViewController+MASAdditions.m */ = {isa = PBXFileReference; fileEncoding = 4; lastKnownFileType = sourcecode.c.objc; path = "ViewController+MASAdditions.m"; sourceTree = "<group>"; };
		4FD70BB61E4CB5A200E9E112 /* SQLoginTextFieldView.h */ = {isa = PBXFileReference; fileEncoding = 4; lastKnownFileType = sourcecode.c.h; path = SQLoginTextFieldView.h; sourceTree = "<group>"; };
		4FD70BB71E4CB5A200E9E112 /* SQLoginTextFieldView.m */ = {isa = PBXFileReference; fileEncoding = 4; lastKnownFileType = sourcecode.c.objc; path = SQLoginTextFieldView.m; sourceTree = "<group>"; };
		4FD70BB91E4CB63100E9E112 /* SQLoginBoxView.h */ = {isa = PBXFileReference; fileEncoding = 4; lastKnownFileType = sourcecode.c.h; path = SQLoginBoxView.h; sourceTree = "<group>"; };
		4FD70BBA1E4CB63100E9E112 /* SQLoginBoxView.m */ = {isa = PBXFileReference; fileEncoding = 4; lastKnownFileType = sourcecode.c.objc; path = SQLoginBoxView.m; sourceTree = "<group>"; };
		4FD70BBC1E4CB67900E9E112 /* SQLoginProtocol.h */ = {isa = PBXFileReference; fileEncoding = 4; lastKnownFileType = sourcecode.c.h; path = SQLoginProtocol.h; sourceTree = "<group>"; };
		4FD70BBD1E4CB7C900E9E112 /* SQLoginView.h */ = {isa = PBXFileReference; fileEncoding = 4; lastKnownFileType = sourcecode.c.h; path = SQLoginView.h; sourceTree = "<group>"; };
		4FD70BBE1E4CB7C900E9E112 /* SQLoginView.m */ = {isa = PBXFileReference; fileEncoding = 4; lastKnownFileType = sourcecode.c.objc; path = SQLoginView.m; sourceTree = "<group>"; };
		4FD70BC01E4CB8FE00E9E112 /* SQLoginBoard.h */ = {isa = PBXFileReference; fileEncoding = 4; lastKnownFileType = sourcecode.c.h; path = SQLoginBoard.h; sourceTree = "<group>"; };
		4FD70BC11E4CB8FE00E9E112 /* SQLoginBoard.m */ = {isa = PBXFileReference; fileEncoding = 4; lastKnownFileType = sourcecode.c.objc; path = SQLoginBoard.m; sourceTree = "<group>"; };
/* End PBXFileReference section */

/* Begin PBXFrameworksBuildPhase section */
		4FD70B6F1E4CB06200E9E112 /* Frameworks */ = {
			isa = PBXFrameworksBuildPhase;
			buildActionMask = 2147483647;
			files = (
			);
			runOnlyForDeploymentPostprocessing = 0;
		};
/* End PBXFrameworksBuildPhase section */

/* Begin PBXGroup section */
		4FD70B691E4CB06200E9E112 = {
			isa = PBXGroup;
			children = (
				4FD70B741E4CB06200E9E112 /* SQAirbnbLogin */,
				4FD70B731E4CB06200E9E112 /* Products */,
			);
			sourceTree = "<group>";
		};
		4FD70B731E4CB06200E9E112 /* Products */ = {
			isa = PBXGroup;
			children = (
				4FD70B721E4CB06200E9E112 /* SQAirbnbLogin.app */,
			);
			name = Products;
			sourceTree = "<group>";
		};
		4FD70B741E4CB06200E9E112 /* SQAirbnbLogin */ = {
			isa = PBXGroup;
			children = (
				4FD70B901E4CB3DE00E9E112 /* Masonry */,
				4FD70B8C1E4CB09200E9E112 /* SQLogin */,
				4FD70B781E4CB06200E9E112 /* AppDelegate.h */,
				4FD70B791E4CB06200E9E112 /* AppDelegate.m */,
				4FD70B7B1E4CB06200E9E112 /* ViewController.h */,
				4FD70B7C1E4CB06200E9E112 /* ViewController.m */,
				4FD70B7E1E4CB06200E9E112 /* Main.storyboard */,
				4FD70B811E4CB06200E9E112 /* Assets.xcassets */,
				4FD70B831E4CB06200E9E112 /* LaunchScreen.storyboard */,
				4FD70B861E4CB06200E9E112 /* Info.plist */,
				4FD70B751E4CB06200E9E112 /* Supporting Files */,
			);
			path = SQAirbnbLogin;
			sourceTree = "<group>";
		};
		4FD70B751E4CB06200E9E112 /* Supporting Files */ = {
			isa = PBXGroup;
			children = (
				4FD70B761E4CB06200E9E112 /* main.m */,
			);
			name = "Supporting Files";
			sourceTree = "<group>";
		};
		4FD70B8C1E4CB09200E9E112 /* SQLogin */ = {
			isa = PBXGroup;
			children = (
				4FD70B8D1E4CB0B900E9E112 /* SQOptionView.h */,
				4FD70B8E1E4CB0B900E9E112 /* SQOptionView.m */,
				4FD70BB61E4CB5A200E9E112 /* SQLoginTextFieldView.h */,
				4FD70BB71E4CB5A200E9E112 /* SQLoginTextFieldView.m */,
				4FD70BB91E4CB63100E9E112 /* SQLoginBoxView.h */,
				4FD70BBA1E4CB63100E9E112 /* SQLoginBoxView.m */,
				4FD70BBD1E4CB7C900E9E112 /* SQLoginView.h */,
				4FD70BBE1E4CB7C900E9E112 /* SQLoginView.m */,
				4FD70BC01E4CB8FE00E9E112 /* SQLoginBoard.h */,
				4FD70BC11E4CB8FE00E9E112 /* SQLoginBoard.m */,
				4FD70BBC1E4CB67900E9E112 /* SQLoginProtocol.h */,
			);
			path = SQLogin;
			sourceTree = "<group>";
		};
		4FD70B901E4CB3DE00E9E112 /* Masonry */ = {
			isa = PBXGroup;
			children = (
				4FD70B921E4CB3DE00E9E112 /* MASCompositeConstraint.h */,
				4FD70B931E4CB3DE00E9E112 /* MASCompositeConstraint.m */,
				4FD70B941E4CB3DE00E9E112 /* MASConstraint+Private.h */,
				4FD70B951E4CB3DE00E9E112 /* MASConstraint.h */,
				4FD70B961E4CB3DE00E9E112 /* MASConstraint.m */,
				4FD70B971E4CB3DE00E9E112 /* MASConstraintMaker.h */,
				4FD70B981E4CB3DE00E9E112 /* MASConstraintMaker.m */,
				4FD70B991E4CB3DE00E9E112 /* MASLayoutConstraint.h */,
				4FD70B9A1E4CB3DE00E9E112 /* MASLayoutConstraint.m */,
				4FD70B9B1E4CB3DE00E9E112 /* Masonry.h */,
				4FD70B9C1E4CB3DE00E9E112 /* MASUtilities.h */,
				4FD70B9D1E4CB3DE00E9E112 /* MASViewAttribute.h */,
				4FD70B9E1E4CB3DE00E9E112 /* MASViewAttribute.m */,
				4FD70B9F1E4CB3DE00E9E112 /* MASViewConstraint.h */,
				4FD70BA01E4CB3DE00E9E112 /* MASViewConstraint.m */,
				4FD70BA11E4CB3DE00E9E112 /* NSArray+MASAdditions.h */,
				4FD70BA21E4CB3DE00E9E112 /* NSArray+MASAdditions.m */,
				4FD70BA31E4CB3DE00E9E112 /* NSArray+MASShorthandAdditions.h */,
				4FD70BA41E4CB3DE00E9E112 /* NSLayoutConstraint+MASDebugAdditions.h */,
				4FD70BA51E4CB3DE00E9E112 /* NSLayoutConstraint+MASDebugAdditions.m */,
				4FD70BA61E4CB3DE00E9E112 /* View+MASAdditions.h */,
				4FD70BA71E4CB3DE00E9E112 /* View+MASAdditions.m */,
				4FD70BA81E4CB3DE00E9E112 /* View+MASShorthandAdditions.h */,
				4FD70BA91E4CB3DE00E9E112 /* ViewController+MASAdditions.h */,
				4FD70BAA1E4CB3DE00E9E112 /* ViewController+MASAdditions.m */,
			);
			path = Masonry;
			sourceTree = "<group>";
		};
/* End PBXGroup section */

/* Begin PBXNativeTarget section */
		4FD70B711E4CB06200E9E112 /* SQAirbnbLogin */ = {
			isa = PBXNativeTarget;
			buildConfigurationList = 4FD70B891E4CB06200E9E112 /* Build configuration list for PBXNativeTarget "SQAirbnbLogin" */;
			buildPhases = (
				4FD70B6E1E4CB06200E9E112 /* Sources */,
				4FD70B6F1E4CB06200E9E112 /* Frameworks */,
				4FD70B701E4CB06200E9E112 /* Resources */,
			);
			buildRules = (
			);
			dependencies = (
			);
			name = SQAirbnbLogin;
			productName = SQAirbnbLogin;
			productReference = 4FD70B721E4CB06200E9E112 /* SQAirbnbLogin.app */;
			productType = "com.apple.product-type.application";
		};
/* End PBXNativeTarget section */

/* Begin PBXProject section */
		4FD70B6A1E4CB06200E9E112 /* Project object */ = {
			isa = PBXProject;
			attributes = {
				LastUpgradeCheck = 0820;
				ORGANIZATIONNAME = "小六";
				TargetAttributes = {
					4FD70B711E4CB06200E9E112 = {
						CreatedOnToolsVersion = 8.2.1;
						ProvisioningStyle = Automatic;
					};
				};
			};
			buildConfigurationList = 4FD70B6D1E4CB06200E9E112 /* Build configuration list for PBXProject "SQAirbnbLogin" */;
			compatibilityVersion = "Xcode 3.2";
			developmentRegion = English;
			hasScannedForEncodings = 0;
			knownRegions = (
				en,
				Base,
			);
			mainGroup = 4FD70B691E4CB06200E9E112;
			productRefGroup = 4FD70B731E4CB06200E9E112 /* Products */;
			projectDirPath = "";
			projectRoot = "";
			targets = (
				4FD70B711E4CB06200E9E112 /* SQAirbnbLogin */,
			);
		};
/* End PBXProject section */

/* Begin PBXResourcesBuildPhase section */
		4FD70B701E4CB06200E9E112 /* Resources */ = {
			isa = PBXResourcesBuildPhase;
			buildActionMask = 2147483647;
			files = (
				4FD70B851E4CB06200E9E112 /* LaunchScreen.storyboard in Resources */,
				4FD70B821E4CB06200E9E112 /* Assets.xcassets in Resources */,
				4FD70B801E4CB06200E9E112 /* Main.storyboard in Resources */,
			);
			runOnlyForDeploymentPostprocessing = 0;
		};
/* End PBXResourcesBuildPhase section */

/* Begin PBXSourcesBuildPhase section */
		4FD70B6E1E4CB06200E9E112 /* Sources */ = {
			isa = PBXSourcesBuildPhase;
			buildActionMask = 2147483647;
			files = (
				4FD70BAE1E4CB3DE00E9E112 /* MASConstraintMaker.m in Sources */,
				4FD70B7D1E4CB06200E9E112 /* ViewController.m in Sources */,
				4FD70B8F1E4CB0B900E9E112 /* SQOptionView.m in Sources */,
				4FD70BAD1E4CB3DE00E9E112 /* MASConstraint.m in Sources */,
				4FD70BB51E4CB3DE00E9E112 /* ViewController+MASAdditions.m in Sources */,
				4FD70BAF1E4CB3DE00E9E112 /* MASLayoutConstraint.m in Sources */,
				4FD70BB21E4CB3DE00E9E112 /* NSArray+MASAdditions.m in Sources */,
				4FD70BBF1E4CB7C900E9E112 /* SQLoginView.m in Sources */,
				4FD70BB11E4CB3DE00E9E112 /* MASViewConstraint.m in Sources */,
				4FD70BB01E4CB3DE00E9E112 /* MASViewAttribute.m in Sources */,
				4FD70BB41E4CB3DE00E9E112 /* View+MASAdditions.m in Sources */,
				4FD70B7A1E4CB06200E9E112 /* AppDelegate.m in Sources */,
				4FD70B771E4CB06200E9E112 /* main.m in Sources */,
				4FD70BBB1E4CB63100E9E112 /* SQLoginBoxView.m in Sources */,
				4FD70BC21E4CB8FE00E9E112 /* SQLoginBoard.m in Sources */,
				4FD70BAC1E4CB3DE00E9E112 /* MASCompositeConstraint.m in Sources */,
				4FD70BB31E4CB3DE00E9E112 /* NSLayoutConstraint+MASDebugAdditions.m in Sources */,
				4FD70BB81E4CB5A200E9E112 /* SQLoginTextFieldView.m in Sources */,
			);
			runOnlyForDeploymentPostprocessing = 0;
		};
/* End PBXSourcesBuildPhase section */

/* Begin PBXVariantGroup section */
		4FD70B7E1E4CB06200E9E112 /* Main.storyboard */ = {
			isa = PBXVariantGroup;
			children = (
				4FD70B7F1E4CB06200E9E112 /* Base */,
			);
			name = Main.storyboard;
			sourceTree = "<group>";
		};
		4FD70B831E4CB06200E9E112 /* LaunchScreen.storyboard */ = {
			isa = PBXVariantGroup;
			children = (
				4FD70B841E4CB06200E9E112 /* Base */,
			);
			name = LaunchScreen.storyboard;
			sourceTree = "<group>";
		};
/* End PBXVariantGroup section */

/* Begin XCBuildConfiguration section */
		4FD70B871E4CB06200E9E112 /* Debug */ = {
			isa = XCBuildConfiguration;
			buildSettings = {
				ALWAYS_SEARCH_USER_PATHS = NO;
				CLANG_ANALYZER_NONNULL = YES;
				CLANG_CXX_LANGUAGE_STANDARD = "gnu++0x";
				CLANG_CXX_LIBRARY = "libc++";
				CLANG_ENABLE_MODULES = YES;
				CLANG_ENABLE_OBJC_ARC = YES;
				CLANG_WARN_BOOL_CONVERSION = YES;
				CLANG_WARN_CONSTANT_CONVERSION = YES;
				CLANG_WARN_DIRECT_OBJC_ISA_USAGE = YES_ERROR;
				CLANG_WARN_DOCUMENTATION_COMMENTS = YES;
				CLANG_WARN_EMPTY_BODY = YES;
				CLANG_WARN_ENUM_CONVERSION = YES;
				CLANG_WARN_INFINITE_RECURSION = YES;
				CLANG_WARN_INT_CONVERSION = YES;
				CLANG_WARN_OBJC_ROOT_CLASS = YES_ERROR;
				CLANG_WARN_SUSPICIOUS_MOVE = YES;
				CLANG_WARN_UNREACHABLE_CODE = YES;
				CLANG_WARN__DUPLICATE_METHOD_MATCH = YES;
				"CODE_SIGN_IDENTITY[sdk=iphoneos*]" = "iPhone Developer";
				COPY_PHASE_STRIP = NO;
				DEBUG_INFORMATION_FORMAT = dwarf;
				ENABLE_STRICT_OBJC_MSGSEND = YES;
				ENABLE_TESTABILITY = YES;
				GCC_C_LANGUAGE_STANDARD = gnu99;
				GCC_DYNAMIC_NO_PIC = NO;
				GCC_NO_COMMON_BLOCKS = YES;
				GCC_OPTIMIZATION_LEVEL = 0;
				GCC_PREPROCESSOR_DEFINITIONS = (
					"DEBUG=1",
					"$(inherited)",
				);
				GCC_WARN_64_TO_32_BIT_CONVERSION = YES;
				GCC_WARN_ABOUT_RETURN_TYPE = YES_ERROR;
				GCC_WARN_UNDECLARED_SELECTOR = YES;
				GCC_WARN_UNINITIALIZED_AUTOS = YES_AGGRESSIVE;
				GCC_WARN_UNUSED_FUNCTION = YES;
				GCC_WARN_UNUSED_VARIABLE = YES;
				IPHONEOS_DEPLOYMENT_TARGET = 10.2;
				MTL_ENABLE_DEBUG_INFO = YES;
				ONLY_ACTIVE_ARCH = YES;
				SDKROOT = iphoneos;
			};
			name = Debug;
		};
		4FD70B881E4CB06200E9E112 /* Release */ = {
			isa = XCBuildConfiguration;
			buildSettings = {
				ALWAYS_SEARCH_USER_PATHS = NO;
				CLANG_ANALYZER_NONNULL = YES;
				CLANG_CXX_LANGUAGE_STANDARD = "gnu++0x";
				CLANG_CXX_LIBRARY = "libc++";
				CLANG_ENABLE_MODULES = YES;
				CLANG_ENABLE_OBJC_ARC = YES;
				CLANG_WARN_BOOL_CONVERSION = YES;
				CLANG_WARN_CONSTANT_CONVERSION = YES;
				CLANG_WARN_DIRECT_OBJC_ISA_USAGE = YES_ERROR;
				CLANG_WARN_DOCUMENTATION_COMMENTS = YES;
				CLANG_WARN_EMPTY_BODY = YES;
				CLANG_WARN_ENUM_CONVERSION = YES;
				CLANG_WARN_INFINITE_RECURSION = YES;
				CLANG_WARN_INT_CONVERSION = YES;
				CLANG_WARN_OBJC_ROOT_CLASS = YES_ERROR;
				CLANG_WARN_SUSPICIOUS_MOVE = YES;
				CLANG_WARN_UNREACHABLE_CODE = YES;
				CLANG_WARN__DUPLICATE_METHOD_MATCH = YES;
				"CODE_SIGN_IDENTITY[sdk=iphoneos*]" = "iPhone Developer";
				COPY_PHASE_STRIP = NO;
				DEBUG_INFORMATION_FORMAT = "dwarf-with-dsym";
				ENABLE_NS_ASSERTIONS = NO;
				ENABLE_STRICT_OBJC_MSGSEND = YES;
				GCC_C_LANGUAGE_STANDARD = gnu99;
				GCC_NO_COMMON_BLOCKS = YES;
				GCC_WARN_64_TO_32_BIT_CONVERSION = YES;
				GCC_WARN_ABOUT_RETURN_TYPE = YES_ERROR;
				GCC_WARN_UNDECLARED_SELECTOR = YES;
				GCC_WARN_UNINITIALIZED_AUTOS = YES_AGGRESSIVE;
				GCC_WARN_UNUSED_FUNCTION = YES;
				GCC_WARN_UNUSED_VARIABLE = YES;
				IPHONEOS_DEPLOYMENT_TARGET = 10.2;
				MTL_ENABLE_DEBUG_INFO = NO;
				SDKROOT = iphoneos;
				VALIDATE_PRODUCT = YES;
			};
			name = Release;
		};
		4FD70B8A1E4CB06200E9E112 /* Debug */ = {
			isa = XCBuildConfiguration;
			buildSettings = {
				ASSETCATALOG_COMPILER_APPICON_NAME = AppIcon;
				INFOPLIST_FILE = SQAirbnbLogin/Info.plist;
				LD_RUNPATH_SEARCH_PATHS = "$(inherited) @executable_path/Frameworks";
				PRODUCT_BUNDLE_IDENTIFIER = com.six.SQAirbnbLogin;
				PRODUCT_NAME = "$(TARGET_NAME)";
			};
			name = Debug;
		};
		4FD70B8B1E4CB06200E9E112 /* Release */ = {
			isa = XCBuildConfiguration;
			buildSettings = {
				ASSETCATALOG_COMPILER_APPICON_NAME = AppIcon;
				INFOPLIST_FILE = SQAirbnbLogin/Info.plist;
				LD_RUNPATH_SEARCH_PATHS = "$(inherited) @executable_path/Frameworks";
				PRODUCT_BUNDLE_IDENTIFIER = com.six.SQAirbnbLogin;
				PRODUCT_NAME = "$(TARGET_NAME)";
			};
			name = Release;
		};
/* End XCBuildConfiguration section */

/* Begin XCConfigurationList section */
		4FD70B6D1E4CB06200E9E112 /* Build configuration list for PBXProject "SQAirbnbLogin" */ = {
			isa = XCConfigurationList;
			buildConfigurations = (
				4FD70B871E4CB06200E9E112 /* Debug */,
				4FD70B881E4CB06200E9E112 /* Release */,
			);
			defaultConfigurationIsVisible = 0;
			defaultConfigurationName = Release;
		};
		4FD70B891E4CB06200E9E112 /* Build configuration list for PBXNativeTarget "SQAirbnbLogin" */ = {
			isa = XCConfigurationList;
			buildConfigurations = (
				4FD70B8A1E4CB06200E9E112 /* Debug */,
				4FD70B8B1E4CB06200E9E112 /* Release */,
			);
			defaultConfigurationIsVisible = 0;
		};
/* End XCConfigurationList section */
	};
	rootObject = 4FD70B6A1E4CB06200E9E112 /* Project object */;
}
